
Microsoft Visual Studio Solution File, Format Version 12.00
# Visual Studio 15
VisualStudioVersion = 15.0.27703.2026
MinimumVisualStudioVersion = 10.0.40219.1
Project("{FAE04EC0-301F-11D3-BF4B-00C04F79EFBC}") = "RecipeBook", "RecipeBook.csproj", "{9073E8C7-BCC3-4226-9C0E-8D09DD5A1204}"
EndProject
Global
	GlobalSection(SolutionConfigurationPlatforms) = preSolution
		Debug|Any CPU = Debug|Any CPU
		Release|Any CPU = Release|Any CPU
	EndGlobalSection
	GlobalSection(ProjectConfigurationPlatforms) = postSolution
		{9073E8C7-BCC3-4226-9C0E-8D09DD5A1204}.Debug|Any CPU.ActiveCfg = Debug|Any CPU
		{9073E8C7-BCC3-4226-9C0E-8D09DD5A1204}.Debug|Any CPU.Build.0 = Debug|Any CPU
		{9073E8C7-BCC3-4226-9C0E-8D09DD5A1204}.Release|Any CPU.ActiveCfg = Release|Any CPU
		{9073E8C7-BCC3-4226-9C0E-8D09DD5A1204}.Release|Any CPU.Build.0 = Release|Any CPU
	EndGlobalSection
	GlobalSection(SolutionProperties) = preSolution
		HideSolutionNode = FALSE
	EndGlobalSection
	GlobalSection(ExtensibilityGlobals) = postSolution
		SolutionGuid = {6367DDE0-C033-42CB-8F3A-9C125B357203}
	EndGlobalSection
EndGlobal
